
Microsoft Visual Studio Solution File, Format Version 12.00
# Visual Studio 15
VisualStudioVersion = 15.0.27130.2020
MinimumVisualStudioVersion = 10.0.40219.1
Project("{FAE04EC0-301F-11D3-BF4B-00C04F79EFBC}") = "SharpSentinel.UI", "SharpSentinel.UI\SharpSentinel.UI.csproj", "{4C70E3C1-A211-4754-80DC-368468898BE9}"
EndProject
Project("{FAE04EC0-301F-11D3-BF4B-00C04F79EFBC}") = "SharpSentinel.Tests", "SharpSentinel.Tests\SharpSentinel.Tests.csproj", "{DED58220-375D-4F0F-A78A-BA8995BB973A}"
EndProject
Project("{FAE04EC0-301F-11D3-BF4B-00C04F79EFBC}") = "SharpSentinel.Parser", "SharpSentinel.Parser\SharpSentinel.Parser.csproj", "{641DBC09-75BC-45B3-9A0E-842E99468157}"
EndProject
Global
	GlobalSection(SolutionConfigurationPlatforms) = preSolution
		Debug|Any CPU = Debug|Any CPU
		Release|Any CPU = Release|Any CPU
	EndGlobalSection
	GlobalSection(ProjectConfigurationPlatforms) = postSolution
		{4C70E3C1-A211-4754-80DC-368468898BE9}.Debug|Any CPU.ActiveCfg = Debug|Any CPU
		{4C70E3C1-A211-4754-80DC-368468898BE9}.Debug|Any CPU.Build.0 = Debug|Any CPU
		{4C70E3C1-A211-4754-80DC-368468898BE9}.Release|Any CPU.ActiveCfg = Release|Any CPU
		{4C70E3C1-A211-4754-80DC-368468898BE9}.Release|Any CPU.Build.0 = Release|Any CPU
		{DED58220-375D-4F0F-A78A-BA8995BB973A}.Debug|Any CPU.ActiveCfg = Debug|Any CPU
		{DED58220-375D-4F0F-A78A-BA8995BB973A}.Debug|Any CPU.Build.0 = Debug|Any CPU
		{DED58220-375D-4F0F-A78A-BA8995BB973A}.Release|Any CPU.ActiveCfg = Release|Any CPU
		{DED58220-375D-4F0F-A78A-BA8995BB973A}.Release|Any CPU.Build.0 = Release|Any CPU
		{641DBC09-75BC-45B3-9A0E-842E99468157}.Debug|Any CPU.ActiveCfg = Debug|Any CPU
		{641DBC09-75BC-45B3-9A0E-842E99468157}.Debug|Any CPU.Build.0 = Debug|Any CPU
		{641DBC09-75BC-45B3-9A0E-842E99468157}.Release|Any CPU.ActiveCfg = Release|Any CPU
		{641DBC09-75BC-45B3-9A0E-842E99468157}.Release|Any CPU.Build.0 = Release|Any CPU
	EndGlobalSection
	GlobalSection(SolutionProperties) = preSolution
		HideSolutionNode = FALSE
	EndGlobalSection
	GlobalSection(ExtensibilityGlobals) = postSolution
		SolutionGuid = {AF541E4D-FFFF-4781-8C68-292A25F90BF1}
	EndGlobalSection
EndGlobal
